
Microsoft Visual Studio Solution File, Format Version 12.00
# Visual Studio Version 17
VisualStudioVersion = 17.8.34309.116
MinimumVisualStudioVersion = 10.0.40219.1
Project("{FAE04EC0-301F-11D3-BF4B-00C04F79EFBC}") = "MoviesApi", "MoviesApi\MoviesApi.csproj", "{85BCAE29-28F3-4913-B7E6-3A6BFE0AF6F0}"
EndProject
Project("{FAE04EC0-301F-11D3-BF4B-00C04F79EFBC}") = "Domain", "Domain\Domain.csproj", "{588CCE3C-8B8D-4957-86FB-94A30A15A78B}"
EndProject
Project("{FAE04EC0-301F-11D3-BF4B-00C04F79EFBC}") = "Infrastructure", "Infrastructure\Infrastructure.csproj", "{E0AADE5C-E35D-4998-A25A-505D1DE3E691}"
EndProject
Project("{FAE04EC0-301F-11D3-BF4B-00C04F79EFBC}") = "Application", "Application\Application.csproj", "{11206886-D98E-40E9-912E-1EA997B3576F}"
EndProject
Project("{2150E333-8FDC-42A3-9474-1A3956D46DE8}") = "src", "src", "{519D2235-6B61-44F8-BF68-80E251383B67}"
EndProject
Project("{2150E333-8FDC-42A3-9474-1A3956D46DE8}") = "tests", "tests", "{DA1C4F7F-85A2-4995-B0C3-EF93E81E8EA2}"
EndProject
Project("{FAE04EC0-301F-11D3-BF4B-00C04F79EFBC}") = "Domain.UnitTest", "Domain.UnitTest\Domain.UnitTest.csproj", "{CB9397C5-94A9-425A-8048-17146588EB0C}"
EndProject
Global
	GlobalSection(SolutionConfigurationPlatforms) = preSolution
		Debug|Any CPU = Debug|Any CPU
		Release|Any CPU = Release|Any CPU
	EndGlobalSection
	GlobalSection(ProjectConfigurationPlatforms) = postSolution
		{85BCAE29-28F3-4913-B7E6-3A6BFE0AF6F0}.Debug|Any CPU.ActiveCfg = Debug|Any CPU
		{85BCAE29-28F3-4913-B7E6-3A6BFE0AF6F0}.Debug|Any CPU.Build.0 = Debug|Any CPU
		{85BCAE29-28F3-4913-B7E6-3A6BFE0AF6F0}.Release|Any CPU.ActiveCfg = Release|Any CPU
		{85BCAE29-28F3-4913-B7E6-3A6BFE0AF6F0}.Release|Any CPU.Build.0 = Release|Any CPU
		{588CCE3C-8B8D-4957-86FB-94A30A15A78B}.Debug|Any CPU.ActiveCfg = Debug|Any CPU
		{588CCE3C-8B8D-4957-86FB-94A30A15A78B}.Debug|Any CPU.Build.0 = Debug|Any CPU
		{588CCE3C-8B8D-4957-86FB-94A30A15A78B}.Release|Any CPU.ActiveCfg = Release|Any CPU
		{588CCE3C-8B8D-4957-86FB-94A30A15A78B}.Release|Any CPU.Build.0 = Release|Any CPU
		{E0AADE5C-E35D-4998-A25A-505D1DE3E691}.Debug|Any CPU.ActiveCfg = Debug|Any CPU
		{E0AADE5C-E35D-4998-A25A-505D1DE3E691}.Debug|Any CPU.Build.0 = Debug|Any CPU
		{E0AADE5C-E35D-4998-A25A-505D1DE3E691}.Release|Any CPU.ActiveCfg = Release|Any CPU
		{E0AADE5C-E35D-4998-A25A-505D1DE3E691}.Release|Any CPU.Build.0 = Release|Any CPU
		{11206886-D98E-40E9-912E-1EA997B3576F}.Debug|Any CPU.ActiveCfg = Debug|Any CPU
		{11206886-D98E-40E9-912E-1EA997B3576F}.Debug|Any CPU.Build.0 = Debug|Any CPU
		{11206886-D98E-40E9-912E-1EA997B3576F}.Release|Any CPU.ActiveCfg = Release|Any CPU
		{11206886-D98E-40E9-912E-1EA997B3576F}.Release|Any CPU.Build.0 = Release|Any CPU
		{CB9397C5-94A9-425A-8048-17146588EB0C}.Debug|Any CPU.ActiveCfg = Debug|Any CPU
		{CB9397C5-94A9-425A-8048-17146588EB0C}.Debug|Any CPU.Build.0 = Debug|Any CPU
		{CB9397C5-94A9-425A-8048-17146588EB0C}.Release|Any CPU.ActiveCfg = Release|Any CPU
		{CB9397C5-94A9-425A-8048-17146588EB0C}.Release|Any CPU.Build.0 = Release|Any CPU
	EndGlobalSection
	GlobalSection(SolutionProperties) = preSolution
		HideSolutionNode = FALSE
	EndGlobalSection
	GlobalSection(NestedProjects) = preSolution
		{85BCAE29-28F3-4913-B7E6-3A6BFE0AF6F0} = {519D2235-6B61-44F8-BF68-80E251383B67}
		{588CCE3C-8B8D-4957-86FB-94A30A15A78B} = {519D2235-6B61-44F8-BF68-80E251383B67}
		{E0AADE5C-E35D-4998-A25A-505D1DE3E691} = {519D2235-6B61-44F8-BF68-80E251383B67}
		{11206886-D98E-40E9-912E-1EA997B3576F} = {519D2235-6B61-44F8-BF68-80E251383B67}
		{CB9397C5-94A9-425A-8048-17146588EB0C} = {DA1C4F7F-85A2-4995-B0C3-EF93E81E8EA2}
	EndGlobalSection
	GlobalSection(ExtensibilityGlobals) = postSolution
		SolutionGuid = {1346AB39-D1E3-43D4-A0F1-BAC611FE1473}
	EndGlobalSection
EndGlobal
